
Microsoft Visual Studio Solution File, Format Version 12.00
# Visual Studio Version 17
VisualStudioVersion = 17.0.32126.317
MinimumVisualStudioVersion = 10.0.40219.1
Project("{8BC9CEB8-8B4A-11D0-8D11-00A0C91BC942}") = "C-Data-Structures", "C-Data-Structures.vcxproj", "{CB948106-534C-425F-9610-CD0B13E900BA}"
EndProject
Global
	GlobalSection(SolutionConfigurationPlatforms) = preSolution
		Debug|x64 = Debug|x64
		Debug|x86 = Debug|x86
		Release|x64 = Release|x64
		Release|x86 = Release|x86
	EndGlobalSection
	GlobalSection(ProjectConfigurationPlatforms) = postSolution
		{CB948106-534C-425F-9610-CD0B13E900BA}.Debug|x64.ActiveCfg = Debug|x64
		{CB948106-534C-425F-9610-CD0B13E900BA}.Debug|x64.Build.0 = Debug|x64
		{CB948106-534C-425F-9610-CD0B13E900BA}.Debug|x86.ActiveCfg = Debug|Win32
		{CB948106-534C-425F-9610-CD0B13E900BA}.Debug|x86.Build.0 = Debug|Win32
		{CB948106-534C-425F-9610-CD0B13E900BA}.Release|x64.ActiveCfg = Release|x64
		{CB948106-534C-425F-9610-CD0B13E900BA}.Release|x64.Build.0 = Release|x64
		{CB948106-534C-425F-9610-CD0B13E900BA}.Release|x86.ActiveCfg = Release|Win32
		{CB948106-534C-425F-9610-CD0B13E900BA}.Release|x86.Build.0 = Release|Win32
	EndGlobalSection
	GlobalSection(SolutionProperties) = preSolution
		HideSolutionNode = FALSE
	EndGlobalSection
	GlobalSection(ExtensibilityGlobals) = postSolution
		SolutionGuid = {02EAA47E-6456-470C-B1B8-66A721FD0D09}
	EndGlobalSection
EndGlobal
